
Microsoft Visual Studio Solution File, Format Version 11.00
# Visual Studio 2010
Project("{FAE04EC0-301F-11D3-BF4B-00C04F79EFBC}") = "Zenject", "Zenject.csproj", "{73621b1d-0b8a-5e0d-1555-35a39c2b56df}"
EndProject
Project("{FAE04EC0-301F-11D3-BF4B-00C04F79EFBC}") = "CW.Common", "CW.Common.csproj", "{b7e8cf7a-eb35-2417-0b8f-3daaf1513726}"
EndProject
Project("{FAE04EC0-301F-11D3-BF4B-00C04F79EFBC}") = "Zenject-IntegrationTests-Editor", "Zenject-IntegrationTests-Editor.csproj", "{ab58f27e-c41c-bc80-7d4d-d4cc15f021ef}"
EndProject
Project("{FAE04EC0-301F-11D3-BF4B-00C04F79EFBC}") = "Zenject-IntegrationTests", "Zenject-IntegrationTests.csproj", "{b97fa8d6-33fe-a8d1-d40f-3d7a610a9e1f}"
EndProject
Project("{FAE04EC0-301F-11D3-BF4B-00C04F79EFBC}") = "Assembly-CSharp", "Assembly-CSharp.csproj", "{b66908eb-032a-a31e-fc43-c898ede5e906}"
EndProject
Project("{FAE04EC0-301F-11D3-BF4B-00C04F79EFBC}") = "LeanTouch", "LeanTouch.csproj", "{18b6d612-8aa6-c3dc-ffb9-017467618043}"
EndProject
Project("{FAE04EC0-301F-11D3-BF4B-00C04F79EFBC}") = "LeanCommon", "LeanCommon.csproj", "{00fef5b1-84f4-aa1b-47b1-0a8bd3dcf648}"
EndProject
Project("{FAE04EC0-301F-11D3-BF4B-00C04F79EFBC}") = "Assembly-CSharp-firstpass", "Assembly-CSharp-firstpass.csproj", "{e4887bd4-5dee-b65e-a5f7-206dabe2446a}"
EndProject
Project("{FAE04EC0-301F-11D3-BF4B-00C04F79EFBC}") = "NavMeshComponents", "NavMeshComponents.csproj", "{2f66e5be-3c5d-c5ea-7037-eb11c9cc7773}"
EndProject
Project("{FAE04EC0-301F-11D3-BF4B-00C04F79EFBC}") = "Unity.RenderPipelines.HighDefinition.Config.Runtime", "Unity.RenderPipelines.HighDefinition.Config.Runtime.csproj", "{d978495b-556d-f2a9-c968-da542b079bc9}"
EndProject
Project("{FAE04EC0-301F-11D3-BF4B-00C04F79EFBC}") = "Zenject-PoolMonitor-Editor", "Zenject-PoolMonitor-Editor.csproj", "{cded0c8b-55b5-1792-de22-48c15c16a0fb}"
EndProject
Project("{FAE04EC0-301F-11D3-BF4B-00C04F79EFBC}") = "Zenject-UnitTests-Editor", "Zenject-UnitTests-Editor.csproj", "{83f04b1c-0c4c-2c2e-8f2d-47430aed6425}"
EndProject
Project("{FAE04EC0-301F-11D3-BF4B-00C04F79EFBC}") = "Zenject-ReflectionBaking-Editor", "Zenject-ReflectionBaking-Editor.csproj", "{9db31f52-031e-8289-a0c8-60d6f48506fc}"
EndProject
Project("{FAE04EC0-301F-11D3-BF4B-00C04F79EFBC}") = "Zenject-TestFramework", "Zenject-TestFramework.csproj", "{fa7ab71a-ecff-dd55-15cf-f88ce13d5f5e}"
EndProject
Project("{FAE04EC0-301F-11D3-BF4B-00C04F79EFBC}") = "Zenject-Editor", "Zenject-Editor.csproj", "{7b15dad4-3fde-58db-b5e0-a1f91d6b2885}"
EndProject
Project("{FAE04EC0-301F-11D3-BF4B-00C04F79EFBC}") = "NavMeshComponentsEditor", "NavMeshComponentsEditor.csproj", "{57373dec-b4ee-879b-c401-86d886388e55}"
EndProject
Global
	GlobalSection(SolutionConfigurationPlatforms) = preSolution
		Debug|Any CPU = Debug|Any CPU
		Release|Any CPU = Release|Any CPU
	EndGlobalSection
	GlobalSection(ProjectConfigurationPlatforms) = postSolution
		{73621b1d-0b8a-5e0d-1555-35a39c2b56df}.Debug|Any CPU.ActiveCfg = Debug|Any CPU
		{73621b1d-0b8a-5e0d-1555-35a39c2b56df}.Debug|Any CPU.Build.0 = Debug|Any CPU
		{73621b1d-0b8a-5e0d-1555-35a39c2b56df}.Release|Any CPU.ActiveCfg = Release|Any CPU
		{73621b1d-0b8a-5e0d-1555-35a39c2b56df}.Release|Any CPU.Build.0 = Release|Any CPU
		{b7e8cf7a-eb35-2417-0b8f-3daaf1513726}.Debug|Any CPU.ActiveCfg = Debug|Any CPU
		{b7e8cf7a-eb35-2417-0b8f-3daaf1513726}.Debug|Any CPU.Build.0 = Debug|Any CPU
		{b7e8cf7a-eb35-2417-0b8f-3daaf1513726}.Release|Any CPU.ActiveCfg = Release|Any CPU
		{b7e8cf7a-eb35-2417-0b8f-3daaf1513726}.Release|Any CPU.Build.0 = Release|Any CPU
		{ab58f27e-c41c-bc80-7d4d-d4cc15f021ef}.Debug|Any CPU.ActiveCfg = Debug|Any CPU
		{ab58f27e-c41c-bc80-7d4d-d4cc15f021ef}.Debug|Any CPU.Build.0 = Debug|Any CPU
		{ab58f27e-c41c-bc80-7d4d-d4cc15f021ef}.Release|Any CPU.ActiveCfg = Release|Any CPU
		{ab58f27e-c41c-bc80-7d4d-d4cc15f021ef}.Release|Any CPU.Build.0 = Release|Any CPU
		{b97fa8d6-33fe-a8d1-d40f-3d7a610a9e1f}.Debug|Any CPU.ActiveCfg = Debug|Any CPU
		{b97fa8d6-33fe-a8d1-d40f-3d7a610a9e1f}.Debug|Any CPU.Build.0 = Debug|Any CPU
		{b97fa8d6-33fe-a8d1-d40f-3d7a610a9e1f}.Release|Any CPU.ActiveCfg = Release|Any CPU
		{b97fa8d6-33fe-a8d1-d40f-3d7a610a9e1f}.Release|Any CPU.Build.0 = Release|Any CPU
		{b66908eb-032a-a31e-fc43-c898ede5e906}.Debug|Any CPU.ActiveCfg = Debug|Any CPU
		{b66908eb-032a-a31e-fc43-c898ede5e906}.Debug|Any CPU.Build.0 = Debug|Any CPU
		{b66908eb-032a-a31e-fc43-c898ede5e906}.Release|Any CPU.ActiveCfg = Release|Any CPU
		{b66908eb-032a-a31e-fc43-c898ede5e906}.Release|Any CPU.Build.0 = Release|Any CPU
		{18b6d612-8aa6-c3dc-ffb9-017467618043}.Debug|Any CPU.ActiveCfg = Debug|Any CPU
		{18b6d612-8aa6-c3dc-ffb9-017467618043}.Debug|Any CPU.Build.0 = Debug|Any CPU
		{18b6d612-8aa6-c3dc-ffb9-017467618043}.Release|Any CPU.ActiveCfg = Release|Any CPU
		{18b6d612-8aa6-c3dc-ffb9-017467618043}.Release|Any CPU.Build.0 = Release|Any CPU
		{00fef5b1-84f4-aa1b-47b1-0a8bd3dcf648}.Debug|Any CPU.ActiveCfg = Debug|Any CPU
		{00fef5b1-84f4-aa1b-47b1-0a8bd3dcf648}.Debug|Any CPU.Build.0 = Debug|Any CPU
		{00fef5b1-84f4-aa1b-47b1-0a8bd3dcf648}.Release|Any CPU.ActiveCfg = Release|Any CPU
		{00fef5b1-84f4-aa1b-47b1-0a8bd3dcf648}.Release|Any CPU.Build.0 = Release|Any CPU
		{e4887bd4-5dee-b65e-a5f7-206dabe2446a}.Debug|Any CPU.ActiveCfg = Debug|Any CPU
		{e4887bd4-5dee-b65e-a5f7-206dabe2446a}.Debug|Any CPU.Build.0 = Debug|Any CPU
		{e4887bd4-5dee-b65e-a5f7-206dabe2446a}.Release|Any CPU.ActiveCfg = Release|Any CPU
		{e4887bd4-5dee-b65e-a5f7-206dabe2446a}.Release|Any CPU.Build.0 = Release|Any CPU
		{2f66e5be-3c5d-c5ea-7037-eb11c9cc7773}.Debug|Any CPU.ActiveCfg = Debug|Any CPU
		{2f66e5be-3c5d-c5ea-7037-eb11c9cc7773}.Debug|Any CPU.Build.0 = Debug|Any CPU
		{2f66e5be-3c5d-c5ea-7037-eb11c9cc7773}.Release|Any CPU.ActiveCfg = Release|Any CPU
		{2f66e5be-3c5d-c5ea-7037-eb11c9cc7773}.Release|Any CPU.Build.0 = Release|Any CPU
		{d978495b-556d-f2a9-c968-da542b079bc9}.Debug|Any CPU.ActiveCfg = Debug|Any CPU
		{d978495b-556d-f2a9-c968-da542b079bc9}.Debug|Any CPU.Build.0 = Debug|Any CPU
		{d978495b-556d-f2a9-c968-da542b079bc9}.Release|Any CPU.ActiveCfg = Release|Any CPU
		{d978495b-556d-f2a9-c968-da542b079bc9}.Release|Any CPU.Build.0 = Release|Any CPU
		{cded0c8b-55b5-1792-de22-48c15c16a0fb}.Debug|Any CPU.ActiveCfg = Debug|Any CPU
		{cded0c8b-55b5-1792-de22-48c15c16a0fb}.Debug|Any CPU.Build.0 = Debug|Any CPU
		{cded0c8b-55b5-1792-de22-48c15c16a0fb}.Release|Any CPU.ActiveCfg = Release|Any CPU
		{cded0c8b-55b5-1792-de22-48c15c16a0fb}.Release|Any CPU.Build.0 = Release|Any CPU
		{83f04b1c-0c4c-2c2e-8f2d-47430aed6425}.Debug|Any CPU.ActiveCfg = Debug|Any CPU
		{83f04b1c-0c4c-2c2e-8f2d-47430aed6425}.Debug|Any CPU.Build.0 = Debug|Any CPU
		{83f04b1c-0c4c-2c2e-8f2d-47430aed6425}.Release|Any CPU.ActiveCfg = Release|Any CPU
		{83f04b1c-0c4c-2c2e-8f2d-47430aed6425}.Release|Any CPU.Build.0 = Release|Any CPU
		{9db31f52-031e-8289-a0c8-60d6f48506fc}.Debug|Any CPU.ActiveCfg = Debug|Any CPU
		{9db31f52-031e-8289-a0c8-60d6f48506fc}.Debug|Any CPU.Build.0 = Debug|Any CPU
		{9db31f52-031e-8289-a0c8-60d6f48506fc}.Release|Any CPU.ActiveCfg = Release|Any CPU
		{9db31f52-031e-8289-a0c8-60d6f48506fc}.Release|Any CPU.Build.0 = Release|Any CPU
		{fa7ab71a-ecff-dd55-15cf-f88ce13d5f5e}.Debug|Any CPU.ActiveCfg = Debug|Any CPU
		{fa7ab71a-ecff-dd55-15cf-f88ce13d5f5e}.Debug|Any CPU.Build.0 = Debug|Any CPU
		{fa7ab71a-ecff-dd55-15cf-f88ce13d5f5e}.Release|Any CPU.ActiveCfg = Release|Any CPU
		{fa7ab71a-ecff-dd55-15cf-f88ce13d5f5e}.Release|Any CPU.Build.0 = Release|Any CPU
		{7b15dad4-3fde-58db-b5e0-a1f91d6b2885}.Debug|Any CPU.ActiveCfg = Debug|Any CPU
		{7b15dad4-3fde-58db-b5e0-a1f91d6b2885}.Debug|Any CPU.Build.0 = Debug|Any CPU
		{7b15dad4-3fde-58db-b5e0-a1f91d6b2885}.Release|Any CPU.ActiveCfg = Release|Any CPU
		{7b15dad4-3fde-58db-b5e0-a1f91d6b2885}.Release|Any CPU.Build.0 = Release|Any CPU
		{57373dec-b4ee-879b-c401-86d886388e55}.Debug|Any CPU.ActiveCfg = Debug|Any CPU
		{57373dec-b4ee-879b-c401-86d886388e55}.Debug|Any CPU.Build.0 = Debug|Any CPU
		{57373dec-b4ee-879b-c401-86d886388e55}.Release|Any CPU.ActiveCfg = Release|Any CPU
		{57373dec-b4ee-879b-c401-86d886388e55}.Release|Any CPU.Build.0 = Release|Any CPU
	EndGlobalSection
	GlobalSection(SolutionProperties) = preSolution
		HideSolutionNode = FALSE
	EndGlobalSection
EndGlobal
